
Microsoft Visual Studio Solution File, Format Version 12.00
# Visual Studio 2012
Project("{FAE04EC0-301F-11D3-BF4B-00C04F79EFBC}") = "RssTorrents", "RssTorrents.csproj", "{B57FAC05-DC24-4A92-9E7F-974BFE677A4F}"
EndProject
Global
	GlobalSection(SolutionConfigurationPlatforms) = preSolution
		Debug|x86 = Debug|x86
		Release|x86 = Release|x86
	EndGlobalSection
	GlobalSection(ProjectConfigurationPlatforms) = postSolution
		{B57FAC05-DC24-4A92-9E7F-974BFE677A4F}.Debug|x86.ActiveCfg = Debug|x86
		{B57FAC05-DC24-4A92-9E7F-974BFE677A4F}.Debug|x86.Build.0 = Debug|x86
		{B57FAC05-DC24-4A92-9E7F-974BFE677A4F}.Release|x86.ActiveCfg = Release|x86
		{B57FAC05-DC24-4A92-9E7F-974BFE677A4F}.Release|x86.Build.0 = Release|x86
	EndGlobalSection
	GlobalSection(MonoDevelopProperties) = preSolution
		Policies = $0
		$0.VersionControlPolicy = $1
		$1.inheritsSet = Mono
	EndGlobalSection
EndGlobal
